
Microsoft Visual Studio Solution File, Format Version 12.00
# Visual Studio Version 17
VisualStudioVersion = 17.13.35931.197 d17.13
MinimumVisualStudioVersion = 10.0.40219.1
Project("{FAE04EC0-301F-11D3-BF4B-00C04F79EFBC}") = "vocabWithDB", "vocabWithDB.csproj", "{DC23DFF8-F500-4660-8124-DC1CAAED42FC}"
EndProject
Global
	GlobalSection(SolutionConfigurationPlatforms) = preSolution
		Debug|Any CPU = Debug|Any CPU
		Release|Any CPU = Release|Any CPU
	EndGlobalSection
	GlobalSection(ProjectConfigurationPlatforms) = postSolution
		{DC23DFF8-F500-4660-8124-DC1CAAED42FC}.Debug|Any CPU.ActiveCfg = Debug|Any CPU
		{DC23DFF8-F500-4660-8124-DC1CAAED42FC}.Debug|Any CPU.Build.0 = Debug|Any CPU
		{DC23DFF8-F500-4660-8124-DC1CAAED42FC}.Release|Any CPU.ActiveCfg = Release|Any CPU
		{DC23DFF8-F500-4660-8124-DC1CAAED42FC}.Release|Any CPU.Build.0 = Release|Any CPU
	EndGlobalSection
	GlobalSection(SolutionProperties) = preSolution
		HideSolutionNode = FALSE
	EndGlobalSection
	GlobalSection(ExtensibilityGlobals) = postSolution
		SolutionGuid = {AC23ABC8-FCC7-497B-99E5-F88F1AA82B7A}
	EndGlobalSection
EndGlobal
